
Microsoft Visual Studio Solution File, Format Version 12.00
# Visual Studio Version 17
VisualStudioVersion = 17.3.32922.545
MinimumVisualStudioVersion = 10.0.40219.1
Project("{9A19103F-16F7-4668-BE54-9A1E7A4F7556}") = "Reference.TransactionalOutbox.Tests", "Reference.TransactionalOutbox.Tests\Reference.TransactionalOutbox.Tests.csproj", "{1A07CB31-664A-4E5A-8ED2-51664FD1C93E}"
EndProject
Project("{9A19103F-16F7-4668-BE54-9A1E7A4F7556}") = "Reference.TransactionalOutbox.Api", "Reference.TransactionalOutbox.Api\Reference.TransactionalOutbox.Api.csproj", "{3641F87A-6115-4CBC-AE69-635409E6A6C1}"
EndProject
Global
	GlobalSection(SolutionConfigurationPlatforms) = preSolution
		Debug|Any CPU = Debug|Any CPU
		Release|Any CPU = Release|Any CPU
	EndGlobalSection
	GlobalSection(ProjectConfigurationPlatforms) = postSolution
		{1A07CB31-664A-4E5A-8ED2-51664FD1C93E}.Debug|Any CPU.ActiveCfg = Debug|Any CPU
		{1A07CB31-664A-4E5A-8ED2-51664FD1C93E}.Debug|Any CPU.Build.0 = Debug|Any CPU
		{1A07CB31-664A-4E5A-8ED2-51664FD1C93E}.Release|Any CPU.ActiveCfg = Release|Any CPU
		{1A07CB31-664A-4E5A-8ED2-51664FD1C93E}.Release|Any CPU.Build.0 = Release|Any CPU
		{3641F87A-6115-4CBC-AE69-635409E6A6C1}.Debug|Any CPU.ActiveCfg = Debug|Any CPU
		{3641F87A-6115-4CBC-AE69-635409E6A6C1}.Debug|Any CPU.Build.0 = Debug|Any CPU
		{3641F87A-6115-4CBC-AE69-635409E6A6C1}.Release|Any CPU.ActiveCfg = Release|Any CPU
		{3641F87A-6115-4CBC-AE69-635409E6A6C1}.Release|Any CPU.Build.0 = Release|Any CPU
	EndGlobalSection
	GlobalSection(SolutionProperties) = preSolution
		HideSolutionNode = FALSE
	EndGlobalSection
	GlobalSection(ExtensibilityGlobals) = postSolution
		SolutionGuid = {97D0F523-F27C-48B3-96AB-4C746AB05562}
	EndGlobalSection
EndGlobal
